// !$*UTF8*$!
{
	archiveVersion = 1;
	classes = {
	};
	objectVersion = 50;
	objects = {

/* Begin PBXBuildFile section */
		802BD1F4250ACE0300651F47 /* AppDelegate.swift in Sources */ = {isa = PBXBuildFile; fileRef = 802BD1F3250ACE0300651F47 /* AppDelegate.swift */; };
		802BD1F6250ACE0300651F47 /* SceneDelegate.swift in Sources */ = {isa = PBXBuildFile; fileRef = 802BD1F5250ACE0300651F47 /* SceneDelegate.swift */; };
		802BD1F8250ACE0300651F47 /* ViewController.swift in Sources */ = {isa = PBXBuildFile; fileRef = 802BD1F7250ACE0300651F47 /* ViewController.swift */; };
		802BD1FB250ACE0300651F47 /* Main.storyboard in Resources */ = {isa = PBXBuildFile; fileRef = 802BD1F9250ACE0300651F47 /* Main.storyboard */; };
		802BD1FD250ACE0400651F47 /* Assets.xcassets in Resources */ = {isa = PBXBuildFile; fileRef = 802BD1FC250ACE0400651F47 /* Assets.xcassets */; };
		802BD200250ACE0400651F47 /* LaunchScreen.storyboard in Resources */ = {isa = PBXBuildFile; fileRef = 802BD1FE250ACE0400651F47 /* LaunchScreen.storyboard */; };
/* End PBXBuildFile section */

/* Begin PBXFileReference section */
		802BD1F0250ACE0300651F47 /* Shilah.app */ = {isa = PBXFileReference; explicitFileType = wrapper.application; includeInIndex = 0; path = Shilah.app; sourceTree = BUILT_PRODUCTS_DIR; };
		802BD1F3250ACE0300651F47 /* AppDelegate.swift */ = {isa = PBXFileReference; lastKnownFileType = sourcecode.swift; path = AppDelegate.swift; sourceTree = "<group>"; };
		802BD1F5250ACE0300651F47 /* SceneDelegate.swift */ = {isa = PBXFileReference; lastKnownFileType = sourcecode.swift; path = SceneDelegate.swift; sourceTree = "<group>"; };
		802BD1F7250ACE0300651F47 /* ViewController.swift */ = {isa = PBXFileReference; lastKnownFileType = sourcecode.swift; path = ViewController.swift; sourceTree = "<group>"; };
		802BD1FA250ACE0300651F47 /* Base */ = {isa = PBXFileReference; lastKnownFileType = file.storyboard; name = Base; path = Base.lproj/Main.storyboard; sourceTree = "<group>"; };
		802BD1FC250ACE0400651F47 /* Assets.xcassets */ = {isa = PBXFileReference; lastKnownFileType = folder.assetcatalog; path = Assets.xcassets; sourceTree = "<group>"; };
		802BD1FF250ACE0400651F47 /* Base */ = {isa = PBXFileReference; lastKnownFileType = file.storyboard; name = Base; path = Base.lproj/LaunchScreen.storyboard; sourceTree = "<group>"; };
		802BD201250ACE0400651F47 /* Info.plist */ = {isa = PBXFileReference; lastKnownFileType = text.plist.xml; path = Info.plist; sourceTree = "<group>"; };
/* End PBXFileReference section */

/* Begin PBXFrameworksBuildPhase section */
		802BD1ED250ACE0300651F47 /* Frameworks */ = {
			isa = PBXFrameworksBuildPhase;
			buildActionMask = 2147483647;
			files = (
			);
			runOnlyForDeploymentPostprocessing = 0;
		};
/* End PBXFrameworksBuildPhase section */

/* Begin PBXGroup section */
		802BD1E7250ACE0300651F47 = {
			isa = PBXGroup;
			children = (
				802BD1F2250ACE0300651F47 /* Shilah */,
				802BD1F1250ACE0300651F47 /* Products */,
			);
			sourceTree = "<group>";
		};
		802BD1F1250ACE0300651F47 /* Products */ = {
			isa = PBXGroup;
			children = (
				802BD1F0250ACE0300651F47 /* Shilah.app */,
			);
			name = Products;
			sourceTree = "<group>";
		};
		802BD1F2250ACE0300651F47 /* Shilah */ = {
			isa = PBXGroup;
			children = (
				802BD1F3250ACE0300651F47 /* AppDelegate.swift */,
				802BD1F5250ACE0300651F47 /* SceneDelegate.swift */,
				802BD1F7250ACE0300651F47 /* ViewController.swift */,
				802BD1F9250ACE0300651F47 /* Main.storyboard */,
				802BD1FC250ACE0400651F47 /* Assets.xcassets */,
				802BD1FE250ACE0400651F47 /* LaunchScreen.storyboard */,
				802BD201250ACE0400651F47 /* Info.plist */,
			);
			path = Shilah;
			sourceTree = "<group>";
		};
/* End PBXGroup section */

/* Begin PBXNativeTarget section */
		802BD1EF250ACE0300651F47 /* Shilah */ = {
			isa = PBXNativeTarget;
			buildConfigurationList = 802BD204250ACE0400651F47 /* Build configuration list for PBXNativeTarget "Shilah" */;
			buildPhases = (
				802BD1EC250ACE0300651F47 /* Sources */,
				802BD1ED250ACE0300651F47 /* Frameworks */,
				802BD1EE250ACE0300651F47 /* Resources */,
			);
			buildRules = (
			);
			dependencies = (
			);
			name = Shilah;
			productName = Shilah;
			productReference = 802BD1F0250ACE0300651F47 /* Shilah.app */;
			productType = "com.apple.product-type.application";
		};
/* End PBXNativeTarget section */

/* Begin PBXProject section */
		802BD1E8250ACE0300651F47 /* Project object */ = {
			isa = PBXProject;
			attributes = {
				LastSwiftUpdateCheck = 1160;
				LastUpgradeCheck = 1160;
				ORGANIZATIONNAME = SFSU;
				TargetAttributes = {
					802BD1EF250ACE0300651F47 = {
						CreatedOnToolsVersion = 11.6;
					};
				};
			};
			buildConfigurationList = 802BD1EB250ACE0300651F47 /* Build configuration list for PBXProject "Shilah" */;
			compatibilityVersion = "Xcode 9.3";
			developmentRegion = en;
			hasScannedForEncodings = 0;
			knownRegions = (
				en,
				Base,
			);
			mainGroup = 802BD1E7250ACE0300651F47;
			productRefGroup = 802BD1F1250ACE0300651F47 /* Products */;
			projectDirPath = "";
			projectRoot = "";
			targets = (
				802BD1EF250ACE0300651F47 /* Shilah */,
			);
		};
/* End PBXProject section */

/* Begin PBXResourcesBuildPhase section */
		802BD1EE250ACE0300651F47 /* Resources */ = {
			isa = PBXResourcesBuildPhase;
			buildActionMask = 2147483647;
			files = (
				802BD200250ACE0400651F47 /* LaunchScreen.storyboard in Resources */,
				802BD1FD250ACE0400651F47 /* Assets.xcassets in Resources */,
				802BD1FB250ACE0300651F47 /* Main.storyboard in Resources */,
			);
			runOnlyForDeploymentPostprocessing = 0;
		};
/* End PBXResourcesBuildPhase section */

/* Begin PBXSourcesBuildPhase section */
		802BD1EC250ACE0300651F47 /* Sources */ = {
			isa = PBXSourcesBuildPhase;
			buildActionMask = 2147483647;
			files = (
				802BD1F8250ACE0300651F47 /* ViewController.swift in Sources */,
				802BD1F4250ACE0300651F47 /* AppDelegate.swift in Sources */,
				802BD1F6250ACE0300651F47 /* SceneDelegate.swift in Sources */,
			);
			runOnlyForDeploymentPostprocessing = 0;
		};
/* End PBXSourcesBuildPhase section */

/* Begin PBXVariantGroup section */
		802BD1F9250ACE0300651F47 /* Main.storyboard */ = {
			isa = PBXVariantGroup;
			children = (
				802BD1FA250ACE0300651F47 /* Base */,
			);
			name = Main.storyboard;
			sourceTree = "<group>";
		};
		802BD1FE250ACE0400651F47 /* LaunchScreen.storyboard */ = {
			isa = PBXVariantGroup;
			children = (
				802BD1FF250ACE0400651F47 /* Base */,
			);
			name = LaunchScreen.storyboard;
			sourceTree = "<group>";
		};
/* End PBXVariantGroup section */

/* Begin XCBuildConfiguration section */
		802BD202250ACE0400651F47 /* Debug */ = {
			isa = XCBuildConfiguration;
			buildSettings = {
				ALWAYS_SEARCH_USER_PATHS = NO;
				CLANG_ANALYZER_NONNULL = YES;
				CLANG_ANALYZER_NUMBER_OBJECT_CONVERSION = YES_AGGRESSIVE;
				CLANG_CXX_LANGUAGE_STANDARD = "gnu++14";
				CLANG_CXX_LIBRARY = "libc++";
				CLANG_ENABLE_MODULES = YES;
				CLANG_ENABLE_OBJC_ARC = YES;
				CLANG_ENABLE_OBJC_WEAK = YES;
				CLANG_WARN_BLOCK_CAPTURE_AUTORELEASING = YES;
				CLANG_WARN_BOOL_CONVERSION = YES;
				CLANG_WARN_COMMA = YES;
				CLANG_WARN_CONSTANT_CONVERSION = YES;
				CLANG_WARN_DEPRECATED_OBJC_IMPLEMENTATIONS = YES;
				CLANG_WARN_DIRECT_OBJC_ISA_USAGE = YES_ERROR;
				CLANG_WARN_DOCUMENTATION_COMMENTS = YES;
				CLANG_WARN_EMPTY_BODY = YES;
				CLANG_WARN_ENUM_CONVERSION = YES;
				CLANG_WARN_INFINITE_RECURSION = YES;
				CLANG_WARN_INT_CONVERSION = YES;
				CLANG_WARN_NON_LITERAL_NULL_CONVERSION = YES;
				CLANG_WARN_OBJC_IMPLICIT_RETAIN_SELF = YES;
				CLANG_WARN_OBJC_LITERAL_CONVERSION = YES;
				CLANG_WARN_OBJC_ROOT_CLASS = YES_ERROR;
				CLANG_WARN_RANGE_LOOP_ANALYSIS = YES;
				CLANG_WARN_STRICT_PROTOTYPES = YES;
				CLANG_WARN_SUSPICIOUS_MOVE = YES;
				CLANG_WARN_UNGUARDED_AVAILABILITY = YES_AGGRESSIVE;
				CLANG_WARN_UNREACHABLE_CODE = YES;
				CLANG_WARN__DUPLICATE_METHOD_MATCH = YES;
				COPY_PHASE_STRIP = NO;
				DEBUG_INFORMATION_FORMAT = dwarf;
				ENABLE_STRICT_OBJC_MSGSEND = YES;
				ENABLE_TESTABILITY = YES;
				GCC_C_LANGUAGE_STANDARD = gnu11;
				GCC_DYNAMIC_NO_PIC = NO;
				GCC_NO_COMMON_BLOCKS = YES;
				GCC_OPTIMIZATION_LEVEL = 0;
				GCC_PREPROCESSOR_DEFINITIONS = (
					"DEBUG=1",
					"$(inherited)",
				);
				GCC_WARN_64_TO_32_BIT_CONVERSION = YES;
				GCC_WARN_ABOUT_RETURN_TYPE = YES_ERROR;
				GCC_WARN_UNDECLARED_SELECTOR = YES;
				GCC_WARN_UNINITIALIZED_AUTOS = YES_AGGRESSIVE;
				GCC_WARN_UNUSED_FUNCTION = YES;
				GCC_WARN_UNUSED_VARIABLE = YES;
				IPHONEOS_DEPLOYMENT_TARGET = 13.6;
				MTL_ENABLE_DEBUG_INFO = INCLUDE_SOURCE;
				MTL_FAST_MATH = YES;
				ONLY_ACTIVE_ARCH = YES;
				SDKROOT = iphoneos;
				SWIFT_ACTIVE_COMPILATION_CONDITIONS = DEBUG;
				SWIFT_OPTIMIZATION_LEVEL = "-Onone";
			};
			name = Debug;
		};
		802BD203250ACE0400651F47 /* Release */ = {
			isa = XCBuildConfiguration;
			buildSettings = {
				ALWAYS_SEARCH_USER_PATHS = NO;
				CLANG_ANALYZER_NONNULL = YES;
				CLANG_ANALYZER_NUMBER_OBJECT_CONVERSION = YES_AGGRESSIVE;
				CLANG_CXX_LANGUAGE_STANDARD = "gnu++14";
				CLANG_CXX_LIBRARY = "libc++";
				CLANG_ENABLE_MODULES = YES;
				CLANG_ENABLE_OBJC_ARC = YES;
				CLANG_ENABLE_OBJC_WEAK = YES;
				CLANG_WARN_BLOCK_CAPTURE_AUTORELEASING = YES;
				CLANG_WARN_BOOL_CONVERSION = YES;
				CLANG_WARN_COMMA = YES;
				CLANG_WARN_CONSTANT_CONVERSION = YES;
				CLANG_WARN_DEPRECATED_OBJC_IMPLEMENTATIONS = YES;
				CLANG_WARN_DIRECT_OBJC_ISA_USAGE = YES_ERROR;
				CLANG_WARN_DOCUMENTATION_COMMENTS = YES;
				CLANG_WARN_EMPTY_BODY = YES;
				CLANG_WARN_ENUM_CONVERSION = YES;
				CLANG_WARN_INFINITE_RECURSION = YES;
				CLANG_WARN_INT_CONVERSION = YES;
				CLANG_WARN_NON_LITERAL_NULL_CONVERSION = YES;
				CLANG_WARN_OBJC_IMPLICIT_RETAIN_SELF = YES;
				CLANG_WARN_OBJC_LITERAL_CONVERSION = YES;
				CLANG_WARN_OBJC_ROOT_CLASS = YES_ERROR;
				CLANG_WARN_RANGE_LOOP_ANALYSIS = YES;
				CLANG_WARN_STRICT_PROTOTYPES = YES;
				CLANG_WARN_SUSPICIOUS_MOVE = YES;
				CLANG_WARN_UNGUARDED_AVAILABILITY = YES_AGGRESSIVE;
				CLANG_WARN_UNREACHABLE_CODE = YES;
				CLANG_WARN__DUPLICATE_METHOD_MATCH = YES;
				COPY_PHASE_STRIP = NO;
				DEBUG_INFORMATION_FORMAT = "dwarf-with-dsym";
				ENABLE_NS_ASSERTIONS = NO;
				ENABLE_STRICT_OBJC_MSGSEND = YES;
				GCC_C_LANGUAGE_STANDARD = gnu11;
				GCC_NO_COMMON_BLOCKS = YES;
				GCC_WARN_64_TO_32_BIT_CONVERSION = YES;
				GCC_WARN_ABOUT_RETURN_TYPE = YES_ERROR;
				GCC_WARN_UNDECLARED_SELECTOR = YES;
				GCC_WARN_UNINITIALIZED_AUTOS = YES_AGGRESSIVE;
				GCC_WARN_UNUSED_FUNCTION = YES;
				GCC_WARN_UNUSED_VARIABLE = YES;
				IPHONEOS_DEPLOYMENT_TARGET = 13.6;
				MTL_ENABLE_DEBUG_INFO = NO;
				MTL_FAST_MATH = YES;
				SDKROOT = iphoneos;
				SWIFT_COMPILATION_MODE = wholemodule;
				SWIFT_OPTIMIZATION_LEVEL = "-O";
				VALIDATE_PRODUCT = YES;
			};
			name = Release;
		};
		802BD205250ACE0400651F47 /* Debug */ = {
			isa = XCBuildConfiguration;
			buildSettings = {
				ASSETCATALOG_COMPILER_APPICON_NAME = AppIcon;
				CODE_SIGN_STYLE = Automatic;
				INFOPLIST_FILE = Shilah/Info.plist;
				LD_RUNPATH_SEARCH_PATHS = (
					"$(inherited)",
					"@executable_path/Frameworks",
				);
				PRODUCT_BUNDLE_IDENTIFIER = edu.sfsu.Shilah;
				PRODUCT_NAME = "$(TARGET_NAME)";
				SWIFT_VERSION = 5.0;
				TARGETED_DEVICE_FAMILY = "1,2";
			};
			name = Debug;
		};
		802BD206250ACE0400651F47 /* Release */ = {
			isa = XCBuildConfiguration;
			buildSettings = {
				ASSETCATALOG_COMPILER_APPICON_NAME = AppIcon;
				CODE_SIGN_STYLE = Automatic;
				INFOPLIST_FILE = Shilah/Info.plist;
				LD_RUNPATH_SEARCH_PATHS = (
					"$(inherited)",
					"@executable_path/Frameworks",
				);
				PRODUCT_BUNDLE_IDENTIFIER = edu.sfsu.Shilah;
				PRODUCT_NAME = "$(TARGET_NAME)";
				SWIFT_VERSION = 5.0;
				TARGETED_DEVICE_FAMILY = "1,2";
			};
			name = Release;
		};
/* End XCBuildConfiguration section */

/* Begin XCConfigurationList section */
		802BD1EB250ACE0300651F47 /* Build configuration list for PBXProject "Shilah" */ = {
			isa = XCConfigurationList;
			buildConfigurations = (
				802BD202250ACE0400651F47 /* Debug */,
				802BD203250ACE0400651F47 /* Release */,
			);
			defaultConfigurationIsVisible = 0;
			defaultConfigurationName = Release;
		};
		802BD204250ACE0400651F47 /* Build configuration list for PBXNativeTarget "Shilah" */ = {
			isa = XCConfigurationList;
			buildConfigurations = (
				802BD205250ACE0400651F47 /* Debug */,
				802BD206250ACE0400651F47 /* Release */,
			);
			defaultConfigurationIsVisible = 0;
			defaultConfigurationName = Release;
		};
/* End XCConfigurationList section */
	};
	rootObject = 802BD1E8250ACE0300651F47 /* Project object */;
}
